
Microsoft Visual Studio Solution File, Format Version 12.00
# Visual Studio Version 17
VisualStudioVersion = 17.3.32811.315
MinimumVisualStudioVersion = 10.0.40219.1
Project("{8BC9CEB8-8B4A-11D0-8D11-00A0C91BC942}") = "lesson20_pointers2", "lesson20_pointers2.vcxproj", "{7B8517EB-C5AD-4E2C-9D58-1DF9B054C671}"
EndProject
Global
	GlobalSection(SolutionConfigurationPlatforms) = preSolution
		Debug|x64 = Debug|x64
		Debug|x86 = Debug|x86
		Release|x64 = Release|x64
		Release|x86 = Release|x86
	EndGlobalSection
	GlobalSection(ProjectConfigurationPlatforms) = postSolution
		{7B8517EB-C5AD-4E2C-9D58-1DF9B054C671}.Debug|x64.ActiveCfg = Debug|x64
		{7B8517EB-C5AD-4E2C-9D58-1DF9B054C671}.Debug|x64.Build.0 = Debug|x64
		{7B8517EB-C5AD-4E2C-9D58-1DF9B054C671}.Debug|x86.ActiveCfg = Debug|Win32
		{7B8517EB-C5AD-4E2C-9D58-1DF9B054C671}.Debug|x86.Build.0 = Debug|Win32
		{7B8517EB-C5AD-4E2C-9D58-1DF9B054C671}.Release|x64.ActiveCfg = Release|x64
		{7B8517EB-C5AD-4E2C-9D58-1DF9B054C671}.Release|x64.Build.0 = Release|x64
		{7B8517EB-C5AD-4E2C-9D58-1DF9B054C671}.Release|x86.ActiveCfg = Release|Win32
		{7B8517EB-C5AD-4E2C-9D58-1DF9B054C671}.Release|x86.Build.0 = Release|Win32
	EndGlobalSection
	GlobalSection(SolutionProperties) = preSolution
		HideSolutionNode = FALSE
	EndGlobalSection
	GlobalSection(ExtensibilityGlobals) = postSolution
		SolutionGuid = {3D676E42-1DFF-40C5-A45B-3019E30C3284}
	EndGlobalSection
EndGlobal
