
Microsoft Visual Studio Solution File, Format Version 12.00
# Visual Studio Version 17
VisualStudioVersion = 17.3.32811.315
MinimumVisualStudioVersion = 10.0.40219.1
Project("{8BC9CEB8-8B4A-11D0-8D11-00A0C91BC942}") = "lesson19_pointers1", "lesson19_pointers1.vcxproj", "{BFECF6F8-79B0-47C9-B4B9-EF4DCE921E54}"
EndProject
Global
	GlobalSection(SolutionConfigurationPlatforms) = preSolution
		Debug|x64 = Debug|x64
		Debug|x86 = Debug|x86
		Release|x64 = Release|x64
		Release|x86 = Release|x86
	EndGlobalSection
	GlobalSection(ProjectConfigurationPlatforms) = postSolution
		{BFECF6F8-79B0-47C9-B4B9-EF4DCE921E54}.Debug|x64.ActiveCfg = Debug|x64
		{BFECF6F8-79B0-47C9-B4B9-EF4DCE921E54}.Debug|x64.Build.0 = Debug|x64
		{BFECF6F8-79B0-47C9-B4B9-EF4DCE921E54}.Debug|x86.ActiveCfg = Debug|Win32
		{BFECF6F8-79B0-47C9-B4B9-EF4DCE921E54}.Debug|x86.Build.0 = Debug|Win32
		{BFECF6F8-79B0-47C9-B4B9-EF4DCE921E54}.Release|x64.ActiveCfg = Release|x64
		{BFECF6F8-79B0-47C9-B4B9-EF4DCE921E54}.Release|x64.Build.0 = Release|x64
		{BFECF6F8-79B0-47C9-B4B9-EF4DCE921E54}.Release|x86.ActiveCfg = Release|Win32
		{BFECF6F8-79B0-47C9-B4B9-EF4DCE921E54}.Release|x86.Build.0 = Release|Win32
	EndGlobalSection
	GlobalSection(SolutionProperties) = preSolution
		HideSolutionNode = FALSE
	EndGlobalSection
	GlobalSection(ExtensibilityGlobals) = postSolution
		SolutionGuid = {C88AFD26-72F6-4772-9596-8CB3022B14A6}
	EndGlobalSection
EndGlobal
